// !$*UTF8*$!
{
	archiveVersion = 1;
	classes = {
	};
	objectVersion = 46;
	objects = {

/* Begin PBXBuildFile section */
		8A1C9EA61E3D72260015677F /* StatusTableViewBottomView.swift in Sources */ = {isa = PBXBuildFile; fileRef = 8A1C9EA51E3D72260015677F /* StatusTableViewBottomView.swift */; };
		8A1C9EA81E3D736E0015677F /* StatusTableViewTopView.swift in Sources */ = {isa = PBXBuildFile; fileRef = 8A1C9EA71E3D736E0015677F /* StatusTableViewTopView.swift */; };
		8A1C9EAA1E3D778E0015677F /* StatusPictureView.swift in Sources */ = {isa = PBXBuildFile; fileRef = 8A1C9EA91E3D778E0015677F /* StatusPictureView.swift */; };
		8A1C9EAC1E3DA5B00015677F /* StatusForwardTableViewCell.swift in Sources */ = {isa = PBXBuildFile; fileRef = 8A1C9EAB1E3DA5B00015677F /* StatusForwardTableViewCell.swift */; };
		8A1C9EAE1E3DB6730015677F /* StatusNormalTableViewCell.swift in Sources */ = {isa = PBXBuildFile; fileRef = 8A1C9EAD1E3DB6730015677F /* StatusNormalTableViewCell.swift */; };
		8A1C9EB01E3DCAB60015677F /* HomeRefreshView.xib in Resources */ = {isa = PBXBuildFile; fileRef = 8A1C9EAF1E3DCAB60015677F /* HomeRefreshView.xib */; };
		8A1C9EB21E3DCC9E0015677F /* HomeRefreshControl.swift in Sources */ = {isa = PBXBuildFile; fileRef = 8A1C9EB11E3DCC9E0015677F /* HomeRefreshControl.swift */; };
		8A1C9EB51E3FE5200015677F /* PhotoBrowserController.swift in Sources */ = {isa = PBXBuildFile; fileRef = 8A1C9EB41E3FE5200015677F /* PhotoBrowserController.swift */; };
		8A1C9EB71E3FFECE0015677F /* UIColor+Category.swift in Sources */ = {isa = PBXBuildFile; fileRef = 8A1C9EB61E3FFECE0015677F /* UIColor+Category.swift */; };
		8A1C9EB91E4000390015677F /* PhotoBrowserCell.swift in Sources */ = {isa = PBXBuildFile; fileRef = 8A1C9EB81E4000390015677F /* PhotoBrowserCell.swift */; };
		8A29A9DD1E370A8000845A2A /* NetworkTools.swift in Sources */ = {isa = PBXBuildFile; fileRef = 8A29A9DC1E370A8000845A2A /* NetworkTools.swift */; };
		8A29A9DF1E3713CD00845A2A /* UserAccount.swift in Sources */ = {isa = PBXBuildFile; fileRef = 8A29A9DE1E3713CD00845A2A /* UserAccount.swift */; };
		8A29A9EB1E384DCE00845A2A /* String+Category.swift in Sources */ = {isa = PBXBuildFile; fileRef = 8A29A9EA1E384DCE00845A2A /* String+Category.swift */; };
		8A29A9EE1E38C90F00845A2A /* NewFeatureCollectionViewController.swift in Sources */ = {isa = PBXBuildFile; fileRef = 8A29A9ED1E38C90F00845A2A /* NewFeatureCollectionViewController.swift */; };
		8A29A9F01E3963D100845A2A /* WelcomeViewController.swift in Sources */ = {isa = PBXBuildFile; fileRef = 8A29A9EF1E3963D100845A2A /* WelcomeViewController.swift */; };
		8A29A9F21E39A85F00845A2A /* Status.swift in Sources */ = {isa = PBXBuildFile; fileRef = 8A29A9F11E39A85F00845A2A /* Status.swift */; };
		8A29A9F41E39C7FC00845A2A /* User.swift in Sources */ = {isa = PBXBuildFile; fileRef = 8A29A9F31E39C7FC00845A2A /* User.swift */; };
		8A29A9F81E39D04E00845A2A /* StatusTableViewCell.swift in Sources */ = {isa = PBXBuildFile; fileRef = 8A29A9F71E39D04E00845A2A /* StatusTableViewCell.swift */; };
		8A29A9FA1E39E61200845A2A /* UILabel+Category.swift in Sources */ = {isa = PBXBuildFile; fileRef = 8A29A9F91E39E61200845A2A /* UILabel+Category.swift */; };
		8A29A9FC1E39E62000845A2A /* UIButton+Category.swift in Sources */ = {isa = PBXBuildFile; fileRef = 8A29A9FB1E39E62000845A2A /* UIButton+Category.swift */; };
		8A29AA001E3B048300845A2A /* Date+Category.swift in Sources */ = {isa = PBXBuildFile; fileRef = 8A29A9FF1E3B048300845A2A /* Date+Category.swift */; };
		8ABB0E7C1E33199D0090852A /* AppDelegate.swift in Sources */ = {isa = PBXBuildFile; fileRef = 8ABB0E7B1E33199D0090852A /* AppDelegate.swift */; };
		8ABB0E831E33199D0090852A /* Assets.xcassets in Resources */ = {isa = PBXBuildFile; fileRef = 8ABB0E821E33199D0090852A /* Assets.xcassets */; };
		8ABB0E911E33199D0090852A /* SNWeiboTests.swift in Sources */ = {isa = PBXBuildFile; fileRef = 8ABB0E901E33199D0090852A /* SNWeiboTests.swift */; };
		8ABB0E9C1E33199E0090852A /* SNWeiboUITests.swift in Sources */ = {isa = PBXBuildFile; fileRef = 8ABB0E9B1E33199E0090852A /* SNWeiboUITests.swift */; };
		8ABB0EB21E33204B0090852A /* MainViewController.swift in Sources */ = {isa = PBXBuildFile; fileRef = 8ABB0EB11E33204B0090852A /* MainViewController.swift */; };
		8ABB0EB41E33206A0090852A /* HomeTableViewController.swift in Sources */ = {isa = PBXBuildFile; fileRef = 8ABB0EB31E33206A0090852A /* HomeTableViewController.swift */; };
		8ABB0EB81E3320B60090852A /* DiscoverTableViewController.swift in Sources */ = {isa = PBXBuildFile; fileRef = 8ABB0EB71E3320B60090852A /* DiscoverTableViewController.swift */; };
		8ABB0EBA1E3320D60090852A /* MessageTableViewController.swift in Sources */ = {isa = PBXBuildFile; fileRef = 8ABB0EB91E3320D60090852A /* MessageTableViewController.swift */; };
		8ABB0EBC1E3320E30090852A /* ProfileTableViewController.swift in Sources */ = {isa = PBXBuildFile; fileRef = 8ABB0EBB1E3320E30090852A /* ProfileTableViewController.swift */; };
		8ABB0EC01E332F150090852A /* MainVCSettings.json in Resources */ = {isa = PBXBuildFile; fileRef = 8ABB0EBE1E332F150090852A /* MainVCSettings.json */; };
		8ABB0EC11E332F150090852A /* NullViewController.swift in Sources */ = {isa = PBXBuildFile; fileRef = 8ABB0EBF1E332F150090852A /* NullViewController.swift */; };
		8ABB0EC31E3349CA0090852A /* BaseTableViewController.swift in Sources */ = {isa = PBXBuildFile; fileRef = 8ABB0EC21E3349CA0090852A /* BaseTableViewController.swift */; };
		8ABB0EC51E334BED0090852A /* VisitorView.swift in Sources */ = {isa = PBXBuildFile; fileRef = 8ABB0EC41E334BEC0090852A /* VisitorView.swift */; };
		8ABB0EC71E3353B20090852A /* UIView+AutoLayout.swift in Sources */ = {isa = PBXBuildFile; fileRef = 8ABB0EC61E3353B20090852A /* UIView+AutoLayout.swift */; };
		8ABB0EC91E3418B00090852A /* UIBarButtonItem+Category.swift in Sources */ = {isa = PBXBuildFile; fileRef = 8ABB0EC81E3418B00090852A /* UIBarButtonItem+Category.swift */; };
		8ABB0ECB1E341BC30090852A /* TitleButton.swift in Sources */ = {isa = PBXBuildFile; fileRef = 8ABB0ECA1E341BC30090852A /* TitleButton.swift */; };
		8ABB0ECD1E341FAF0090852A /* UnderlinedLabel.swift in Sources */ = {isa = PBXBuildFile; fileRef = 8ABB0ECC1E341FAF0090852A /* UnderlinedLabel.swift */; };
		8ABB0ED01E3428EC0090852A /* PopoverViewController.storyboard in Resources */ = {isa = PBXBuildFile; fileRef = 8ABB0ECF1E3428EC0090852A /* PopoverViewController.storyboard */; };
		8ABB0ED21E342D150090852A /* PopoverPresentationController.swift in Sources */ = {isa = PBXBuildFile; fileRef = 8ABB0ED11E342D150090852A /* PopoverPresentationController.swift */; };
		8ABB0ED41E342E950090852A /* PopoverViewController.swift in Sources */ = {isa = PBXBuildFile; fileRef = 8ABB0ED31E342E950090852A /* PopoverViewController.swift */; };
		8ABB0ED61E3567190090852A /* PopoverAnimator.swift in Sources */ = {isa = PBXBuildFile; fileRef = 8ABB0ED51E3567190090852A /* PopoverAnimator.swift */; };
		8ABB0ED91E35B38D0090852A /* QRCodeViewController.storyboard in Resources */ = {isa = PBXBuildFile; fileRef = 8ABB0ED81E35B38D0090852A /* QRCodeViewController.storyboard */; };
		8ABB0EDB1E35B4F20090852A /* QRCodeViewController.swift in Sources */ = {isa = PBXBuildFile; fileRef = 8ABB0EDA1E35B4F20090852A /* QRCodeViewController.swift */; };
		8ABB0EDD1E3698AC0090852A /* QRCodeCardViewController.swift in Sources */ = {isa = PBXBuildFile; fileRef = 8ABB0EDC1E3698AC0090852A /* QRCodeCardViewController.swift */; };
		8ABB0FB61E36D4E80090852A /* OAuthViewController.swift in Sources */ = {isa = PBXBuildFile; fileRef = 8ABB0FB51E36D4E80090852A /* OAuthViewController.swift */; };
		DDB91DA68748987CB0B33359 /* Pods_SNWeibo.framework in Frameworks */ = {isa = PBXBuildFile; fileRef = 4ED6F001E46814F152B06F4D /* Pods_SNWeibo.framework */; };
/* End PBXBuildFile section */

/* Begin PBXContainerItemProxy section */
		8ABB0E8D1E33199D0090852A /* PBXContainerItemProxy */ = {
			isa = PBXContainerItemProxy;
			containerPortal = 8ABB0E701E33199D0090852A /* Project object */;
			proxyType = 1;
			remoteGlobalIDString = 8ABB0E771E33199D0090852A;
			remoteInfo = SNWeibo;
		};
		8ABB0E981E33199D0090852A /* PBXContainerItemProxy */ = {
			isa = PBXContainerItemProxy;
			containerPortal = 8ABB0E701E33199D0090852A /* Project object */;
			proxyType = 1;
			remoteGlobalIDString = 8ABB0E771E33199D0090852A;
			remoteInfo = SNWeibo;
		};
/* End PBXContainerItemProxy section */

/* Begin PBXFileReference section */
		4ED6F001E46814F152B06F4D /* Pods_SNWeibo.framework */ = {isa = PBXFileReference; explicitFileType = wrapper.framework; includeInIndex = 0; path = Pods_SNWeibo.framework; sourceTree = BUILT_PRODUCTS_DIR; };
		67BC3C482D65C8EF1C40B9A6 /* Pods-SNWeibo.debug.xcconfig */ = {isa = PBXFileReference; includeInIndex = 1; lastKnownFileType = text.xcconfig; name = "Pods-SNWeibo.debug.xcconfig"; path = "Pods/Target Support Files/Pods-SNWeibo/Pods-SNWeibo.debug.xcconfig"; sourceTree = "<group>"; };
		8A1C9EA51E3D72260015677F /* StatusTableViewBottomView.swift */ = {isa = PBXFileReference; fileEncoding = 4; lastKnownFileType = sourcecode.swift; path = StatusTableViewBottomView.swift; sourceTree = "<group>"; };
		8A1C9EA71E3D736E0015677F /* StatusTableViewTopView.swift */ = {isa = PBXFileReference; fileEncoding = 4; lastKnownFileType = sourcecode.swift; path = StatusTableViewTopView.swift; sourceTree = "<group>"; };
		8A1C9EA91E3D778E0015677F /* StatusPictureView.swift */ = {isa = PBXFileReference; fileEncoding = 4; lastKnownFileType = sourcecode.swift; path = StatusPictureView.swift; sourceTree = "<group>"; };
		8A1C9EAB1E3DA5B00015677F /* StatusForwardTableViewCell.swift */ = {isa = PBXFileReference; fileEncoding = 4; lastKnownFileType = sourcecode.swift; path = StatusForwardTableViewCell.swift; sourceTree = "<group>"; };
		8A1C9EAD1E3DB6730015677F /* StatusNormalTableViewCell.swift */ = {isa = PBXFileReference; fileEncoding = 4; lastKnownFileType = sourcecode.swift; path = StatusNormalTableViewCell.swift; sourceTree = "<group>"; };
		8A1C9EAF1E3DCAB60015677F /* HomeRefreshView.xib */ = {isa = PBXFileReference; fileEncoding = 4; lastKnownFileType = file.xib; path = HomeRefreshView.xib; sourceTree = "<group>"; };
		8A1C9EB11E3DCC9E0015677F /* HomeRefreshControl.swift */ = {isa = PBXFileReference; fileEncoding = 4; lastKnownFileType = sourcecode.swift; path = HomeRefreshControl.swift; sourceTree = "<group>"; };
		8A1C9EB41E3FE5200015677F /* PhotoBrowserController.swift */ = {isa = PBXFileReference; fileEncoding = 4; lastKnownFileType = sourcecode.swift; path = PhotoBrowserController.swift; sourceTree = "<group>"; };
		8A1C9EB61E3FFECE0015677F /* UIColor+Category.swift */ = {isa = PBXFileReference; fileEncoding = 4; lastKnownFileType = sourcecode.swift; path = "UIColor+Category.swift"; sourceTree = "<group>"; };
		8A1C9EB81E4000390015677F /* PhotoBrowserCell.swift */ = {isa = PBXFileReference; fileEncoding = 4; lastKnownFileType = sourcecode.swift; path = PhotoBrowserCell.swift; sourceTree = "<group>"; };
		8A29A9DC1E370A8000845A2A /* NetworkTools.swift */ = {isa = PBXFileReference; fileEncoding = 4; lastKnownFileType = sourcecode.swift; path = NetworkTools.swift; sourceTree = "<group>"; };
		8A29A9DE1E3713CD00845A2A /* UserAccount.swift */ = {isa = PBXFileReference; fileEncoding = 4; lastKnownFileType = sourcecode.swift; path = UserAccount.swift; sourceTree = "<group>"; };
		8A29A9EA1E384DCE00845A2A /* String+Category.swift */ = {isa = PBXFileReference; fileEncoding = 4; lastKnownFileType = sourcecode.swift; path = "String+Category.swift"; sourceTree = "<group>"; };
		8A29A9ED1E38C90F00845A2A /* NewFeatureCollectionViewController.swift */ = {isa = PBXFileReference; fileEncoding = 4; lastKnownFileType = sourcecode.swift; path = NewFeatureCollectionViewController.swift; sourceTree = "<group>"; };
		8A29A9EF1E3963D100845A2A /* WelcomeViewController.swift */ = {isa = PBXFileReference; fileEncoding = 4; lastKnownFileType = sourcecode.swift; path = WelcomeViewController.swift; sourceTree = "<group>"; };
		8A29A9F11E39A85F00845A2A /* Status.swift */ = {isa = PBXFileReference; fileEncoding = 4; lastKnownFileType = sourcecode.swift; path = Status.swift; sourceTree = "<group>"; };
		8A29A9F31E39C7FC00845A2A /* User.swift */ = {isa = PBXFileReference; fileEncoding = 4; lastKnownFileType = sourcecode.swift; path = User.swift; sourceTree = "<group>"; };
		8A29A9F71E39D04E00845A2A /* StatusTableViewCell.swift */ = {isa = PBXFileReference; fileEncoding = 4; lastKnownFileType = sourcecode.swift; path = StatusTableViewCell.swift; sourceTree = "<group>"; };
		8A29A9F91E39E61200845A2A /* UILabel+Category.swift */ = {isa = PBXFileReference; fileEncoding = 4; lastKnownFileType = sourcecode.swift; path = "UILabel+Category.swift"; sourceTree = "<group>"; };
		8A29A9FB1E39E62000845A2A /* UIButton+Category.swift */ = {isa = PBXFileReference; fileEncoding = 4; lastKnownFileType = sourcecode.swift; path = "UIButton+Category.swift"; sourceTree = "<group>"; };
		8A29A9FF1E3B048300845A2A /* Date+Category.swift */ = {isa = PBXFileReference; fileEncoding = 4; lastKnownFileType = sourcecode.swift; path = "Date+Category.swift"; sourceTree = "<group>"; };
		8ABB0E781E33199D0090852A /* SNWeibo.app */ = {isa = PBXFileReference; explicitFileType = wrapper.application; includeInIndex = 0; path = SNWeibo.app; sourceTree = BUILT_PRODUCTS_DIR; };
		8ABB0E7B1E33199D0090852A /* AppDelegate.swift */ = {isa = PBXFileReference; lastKnownFileType = sourcecode.swift; path = AppDelegate.swift; sourceTree = "<group>"; };
		8ABB0E821E33199D0090852A /* Assets.xcassets */ = {isa = PBXFileReference; lastKnownFileType = folder.assetcatalog; path = Assets.xcassets; sourceTree = "<group>"; };
		8ABB0E871E33199D0090852A /* Info.plist */ = {isa = PBXFileReference; lastKnownFileType = text.plist.xml; path = Info.plist; sourceTree = "<group>"; };
		8ABB0E8C1E33199D0090852A /* SNWeiboTests.xctest */ = {isa = PBXFileReference; explicitFileType = wrapper.cfbundle; includeInIndex = 0; path = SNWeiboTests.xctest; sourceTree = BUILT_PRODUCTS_DIR; };
		8ABB0E901E33199D0090852A /* SNWeiboTests.swift */ = {isa = PBXFileReference; lastKnownFileType = sourcecode.swift; path = SNWeiboTests.swift; sourceTree = "<group>"; };
		8ABB0E921E33199D0090852A /* Info.plist */ = {isa = PBXFileReference; lastKnownFileType = text.plist.xml; path = Info.plist; sourceTree = "<group>"; };
		8ABB0E971E33199D0090852A /* SNWeiboUITests.xctest */ = {isa = PBXFileReference; explicitFileType = wrapper.cfbundle; includeInIndex = 0; path = SNWeiboUITests.xctest; sourceTree = BUILT_PRODUCTS_DIR; };
		8ABB0E9B1E33199E0090852A /* SNWeiboUITests.swift */ = {isa = PBXFileReference; lastKnownFileType = sourcecode.swift; path = SNWeiboUITests.swift; sourceTree = "<group>"; };
		8ABB0E9D1E33199E0090852A /* Info.plist */ = {isa = PBXFileReference; lastKnownFileType = text.plist.xml; path = Info.plist; sourceTree = "<group>"; };
		8ABB0EB11E33204B0090852A /* MainViewController.swift */ = {isa = PBXFileReference; fileEncoding = 4; lastKnownFileType = sourcecode.swift; path = MainViewController.swift; sourceTree = "<group>"; };
		8ABB0EB31E33206A0090852A /* HomeTableViewController.swift */ = {isa = PBXFileReference; fileEncoding = 4; lastKnownFileType = sourcecode.swift; path = HomeTableViewController.swift; sourceTree = "<group>"; };
		8ABB0EB71E3320B60090852A /* DiscoverTableViewController.swift */ = {isa = PBXFileReference; fileEncoding = 4; lastKnownFileType = sourcecode.swift; path = DiscoverTableViewController.swift; sourceTree = "<group>"; };
		8ABB0EB91E3320D60090852A /* MessageTableViewController.swift */ = {isa = PBXFileReference; fileEncoding = 4; lastKnownFileType = sourcecode.swift; path = MessageTableViewController.swift; sourceTree = "<group>"; };
		8ABB0EBB1E3320E30090852A /* ProfileTableViewController.swift */ = {isa = PBXFileReference; fileEncoding = 4; lastKnownFileType = sourcecode.swift; path = ProfileTableViewController.swift; sourceTree = "<group>"; };
		8ABB0EBE1E332F150090852A /* MainVCSettings.json */ = {isa = PBXFileReference; fileEncoding = 4; lastKnownFileType = text.json; path = MainVCSettings.json; sourceTree = "<group>"; };
		8ABB0EBF1E332F150090852A /* NullViewController.swift */ = {isa = PBXFileReference; fileEncoding = 4; lastKnownFileType = sourcecode.swift; path = NullViewController.swift; sourceTree = "<group>"; };
		8ABB0EC21E3349CA0090852A /* BaseTableViewController.swift */ = {isa = PBXFileReference; fileEncoding = 4; lastKnownFileType = sourcecode.swift; path = BaseTableViewController.swift; sourceTree = "<group>"; };
		8ABB0EC41E334BEC0090852A /* VisitorView.swift */ = {isa = PBXFileReference; fileEncoding = 4; lastKnownFileType = sourcecode.swift; path = VisitorView.swift; sourceTree = "<group>"; };
		8ABB0EC61E3353B20090852A /* UIView+AutoLayout.swift */ = {isa = PBXFileReference; fileEncoding = 4; lastKnownFileType = sourcecode.swift; path = "UIView+AutoLayout.swift"; sourceTree = "<group>"; };
		8ABB0EC81E3418B00090852A /* UIBarButtonItem+Category.swift */ = {isa = PBXFileReference; fileEncoding = 4; lastKnownFileType = sourcecode.swift; path = "UIBarButtonItem+Category.swift"; sourceTree = "<group>"; };
		8ABB0ECA1E341BC30090852A /* TitleButton.swift */ = {isa = PBXFileReference; fileEncoding = 4; lastKnownFileType = sourcecode.swift; path = TitleButton.swift; sourceTree = "<group>"; };
		8ABB0ECC1E341FAF0090852A /* UnderlinedLabel.swift */ = {isa = PBXFileReference; fileEncoding = 4; lastKnownFileType = sourcecode.swift; path = UnderlinedLabel.swift; sourceTree = "<group>"; };
		8ABB0ECF1E3428EC0090852A /* PopoverViewController.storyboard */ = {isa = PBXFileReference; fileEncoding = 4; lastKnownFileType = file.storyboard; path = PopoverViewController.storyboard; sourceTree = "<group>"; };
		8ABB0ED11E342D150090852A /* PopoverPresentationController.swift */ = {isa = PBXFileReference; fileEncoding = 4; lastKnownFileType = sourcecode.swift; path = PopoverPresentationController.swift; sourceTree = "<group>"; };
		8ABB0ED31E342E950090852A /* PopoverViewController.swift */ = {isa = PBXFileReference; fileEncoding = 4; lastKnownFileType = sourcecode.swift; path = PopoverViewController.swift; sourceTree = "<group>"; };
		8ABB0ED51E3567190090852A /* PopoverAnimator.swift */ = {isa = PBXFileReference; fileEncoding = 4; lastKnownFileType = sourcecode.swift; path = PopoverAnimator.swift; sourceTree = "<group>"; };
		8ABB0ED81E35B38D0090852A /* QRCodeViewController.storyboard */ = {isa = PBXFileReference; fileEncoding = 4; lastKnownFileType = file.storyboard; path = QRCodeViewController.storyboard; sourceTree = "<group>"; };
		8ABB0EDA1E35B4F20090852A /* QRCodeViewController.swift */ = {isa = PBXFileReference; fileEncoding = 4; lastKnownFileType = sourcecode.swift; path = QRCodeViewController.swift; sourceTree = "<group>"; };
		8ABB0EDC1E3698AC0090852A /* QRCodeCardViewController.swift */ = {isa = PBXFileReference; fileEncoding = 4; lastKnownFileType = sourcecode.swift; path = QRCodeCardViewController.swift; sourceTree = "<group>"; };
		8ABB0EDF1E36BACF0090852A /* Weibo-Bridge.h */ = {isa = PBXFileReference; lastKnownFileType = sourcecode.c.h; path = "Weibo-Bridge.h"; sourceTree = "<group>"; };
		8ABB0FB51E36D4E80090852A /* OAuthViewController.swift */ = {isa = PBXFileReference; fileEncoding = 4; lastKnownFileType = sourcecode.swift; path = OAuthViewController.swift; sourceTree = "<group>"; };
		91F65668169E31BB1ABCFCE8 /* Pods-SNWeibo.release.xcconfig */ = {isa = PBXFileReference; includeInIndex = 1; lastKnownFileType = text.xcconfig; name = "Pods-SNWeibo.release.xcconfig"; path = "Pods/Target Support Files/Pods-SNWeibo/Pods-SNWeibo.release.xcconfig"; sourceTree = "<group>"; };
/* End PBXFileReference section */

/* Begin PBXFrameworksBuildPhase section */
		8ABB0E751E33199D0090852A /* Frameworks */ = {
			isa = PBXFrameworksBuildPhase;
			buildActionMask = 2147483647;
			files = (
				DDB91DA68748987CB0B33359 /* Pods_SNWeibo.framework in Frameworks */,
			);
			runOnlyForDeploymentPostprocessing = 0;
		};
		8ABB0E891E33199D0090852A /* Frameworks */ = {
			isa = PBXFrameworksBuildPhase;
			buildActionMask = 2147483647;
			files = (
			);
			runOnlyForDeploymentPostprocessing = 0;
		};
		8ABB0E941E33199D0090852A /* Frameworks */ = {
			isa = PBXFrameworksBuildPhase;
			buildActionMask = 2147483647;
			files = (
			);
			runOnlyForDeploymentPostprocessing = 0;
		};
/* End PBXFrameworksBuildPhase section */

/* Begin PBXGroup section */
		19F27547815DCA3083DE40DF /* Frameworks */ = {
			isa = PBXGroup;
			children = (
				4ED6F001E46814F152B06F4D /* Pods_SNWeibo.framework */,
			);
			name = Frameworks;
			sourceTree = "<group>";
		};
		8A1C9EB31E3FE4FE0015677F /* PhotoBrowser */ = {
			isa = PBXGroup;
			children = (
				8A1C9EB41E3FE5200015677F /* PhotoBrowserController.swift */,
				8A1C9EB81E4000390015677F /* PhotoBrowserCell.swift */,
			);
			path = PhotoBrowser;
			sourceTree = "<group>";
		};
		8A29A9EC1E38C8BE00845A2A /* NewFeatures */ = {
			isa = PBXGroup;
			children = (
				8A29A9EF1E3963D100845A2A /* WelcomeViewController.swift */,
				8A29A9ED1E38C90F00845A2A /* NewFeatureCollectionViewController.swift */,
			);
			path = NewFeatures;
			sourceTree = "<group>";
		};
		8ABB0E6F1E33199D0090852A = {
			isa = PBXGroup;
			children = (
				8ABB0E7A1E33199D0090852A /* SNWeibo */,
				8ABB0E8F1E33199D0090852A /* SNWeiboTests */,
				8ABB0E9A1E33199D0090852A /* SNWeiboUITests */,
				8ABB0E791E33199D0090852A /* Products */,
				D44087E0002148DF3FBC38B8 /* Pods */,
				19F27547815DCA3083DE40DF /* Frameworks */,
			);
			sourceTree = "<group>";
		};
		8ABB0E791E33199D0090852A /* Products */ = {
			isa = PBXGroup;
			children = (
				8ABB0E781E33199D0090852A /* SNWeibo.app */,
				8ABB0E8C1E33199D0090852A /* SNWeiboTests.xctest */,
				8ABB0E971E33199D0090852A /* SNWeiboUITests.xctest */,
			);
			name = Products;
			sourceTree = "<group>";
		};
		8ABB0E7A1E33199D0090852A /* SNWeibo */ = {
			isa = PBXGroup;
			children = (
				8ABB0EA91E331F680090852A /* Classes */,
				8ABB0E7B1E33199D0090852A /* AppDelegate.swift */,
				8ABB0EDF1E36BACF0090852A /* Weibo-Bridge.h */,
				8ABB0E821E33199D0090852A /* Assets.xcassets */,
				8ABB0E871E33199D0090852A /* Info.plist */,
			);
			path = SNWeibo;
			sourceTree = "<group>";
		};
		8ABB0E8F1E33199D0090852A /* SNWeiboTests */ = {
			isa = PBXGroup;
			children = (
				8ABB0E901E33199D0090852A /* SNWeiboTests.swift */,
				8ABB0E921E33199D0090852A /* Info.plist */,
			);
			path = SNWeiboTests;
			sourceTree = "<group>";
		};
		8ABB0E9A1E33199D0090852A /* SNWeiboUITests */ = {
			isa = PBXGroup;
			children = (
				8ABB0E9B1E33199E0090852A /* SNWeiboUITests.swift */,
				8ABB0E9D1E33199E0090852A /* Info.plist */,
			);
			path = SNWeiboUITests;
			sourceTree = "<group>";
		};
		8ABB0EA91E331F680090852A /* Classes */ = {
			isa = PBXGroup;
			children = (
				8A29A9EC1E38C8BE00845A2A /* NewFeatures */,
				8ABB0FB41E36D4750090852A /* OAuth */,
				8ABB0EAA1E331F680090852A /* Common */,
				8ABB0EAB1E331F680090852A /* Discover */,
				8ABB0EAC1E331F680090852A /* Home */,
				8ABB0EAD1E331F680090852A /* Main */,
				8ABB0EAE1E331F680090852A /* Message */,
				8ABB0EAF1E331F680090852A /* Profile */,
				8ABB0EB01E331F680090852A /* Tools */,
			);
			path = Classes;
			sourceTree = "<group>";
		};
		8ABB0EAA1E331F680090852A /* Common */ = {
			isa = PBXGroup;
			children = (
				8ABB0EC81E3418B00090852A /* UIBarButtonItem+Category.swift */,
				8ABB0ECA1E341BC30090852A /* TitleButton.swift */,
				8ABB0ECC1E341FAF0090852A /* UnderlinedLabel.swift */,
				8A29A9F91E39E61200845A2A /* UILabel+Category.swift */,
				8A29A9FB1E39E62000845A2A /* UIButton+Category.swift */,
			);
			path = Common;
			sourceTree = "<group>";
		};
		8ABB0EAB1E331F680090852A /* Discover */ = {
			isa = PBXGroup;
			children = (
				8ABB0EB71E3320B60090852A /* DiscoverTableViewController.swift */,
			);
			path = Discover;
			sourceTree = "<group>";
		};
		8ABB0EAC1E331F680090852A /* Home */ = {
			isa = PBXGroup;
			children = (
				8A1C9EB31E3FE4FE0015677F /* PhotoBrowser */,
				8ABB0ED71E35B35A0090852A /* QRCode */,
				8ABB0ECE1E3428D20090852A /* Popover */,
				8ABB0EB31E33206A0090852A /* HomeTableViewController.swift */,
				8A1C9EAF1E3DCAB60015677F /* HomeRefreshView.xib */,
				8A1C9EB11E3DCC9E0015677F /* HomeRefreshControl.swift */,
				8A1C9EA51E3D72260015677F /* StatusTableViewBottomView.swift */,
				8A29A9F71E39D04E00845A2A /* StatusTableViewCell.swift */,
				8A1C9EAD1E3DB6730015677F /* StatusNormalTableViewCell.swift */,
				8A1C9EAB1E3DA5B00015677F /* StatusForwardTableViewCell.swift */,
				8A1C9EA91E3D778E0015677F /* StatusPictureView.swift */,
				8A1C9EA71E3D736E0015677F /* StatusTableViewTopView.swift */,
				8A29A9F31E39C7FC00845A2A /* User.swift */,
				8A29A9F11E39A85F00845A2A /* Status.swift */,
			);
			path = Home;
			sourceTree = "<group>";
		};
		8ABB0EAD1E331F680090852A /* Main */ = {
			isa = PBXGroup;
			children = (
				8ABB0EBD1E332F150090852A /* Resource */,
				8ABB0EB11E33204B0090852A /* MainViewController.swift */,
				8ABB0EC21E3349CA0090852A /* BaseTableViewController.swift */,
				8ABB0EC41E334BEC0090852A /* VisitorView.swift */,
			);
			path = Main;
			sourceTree = "<group>";
		};
		8ABB0EAE1E331F680090852A /* Message */ = {
			isa = PBXGroup;
			children = (
				8ABB0EB91E3320D60090852A /* MessageTableViewController.swift */,
			);
			path = Message;
			sourceTree = "<group>";
		};
		8ABB0EAF1E331F680090852A /* Profile */ = {
			isa = PBXGroup;
			children = (
				8ABB0EBB1E3320E30090852A /* ProfileTableViewController.swift */,
			);
			path = Profile;
			sourceTree = "<group>";
		};
		8ABB0EB01E331F680090852A /* Tools */ = {
			isa = PBXGroup;
			children = (
				8ABB0EC61E3353B20090852A /* UIView+AutoLayout.swift */,
				8A29A9DC1E370A8000845A2A /* NetworkTools.swift */,
				8A29A9EA1E384DCE00845A2A /* String+Category.swift */,
				8A29A9FF1E3B048300845A2A /* Date+Category.swift */,
				8A1C9EB61E3FFECE0015677F /* UIColor+Category.swift */,
			);
			path = Tools;
			sourceTree = "<group>";
		};
		8ABB0EBD1E332F150090852A /* Resource */ = {
			isa = PBXGroup;
			children = (
				8ABB0EBE1E332F150090852A /* MainVCSettings.json */,
				8ABB0EBF1E332F150090852A /* NullViewController.swift */,
			);
			path = Resource;
			sourceTree = "<group>";
		};
		8ABB0ECE1E3428D20090852A /* Popover */ = {
			isa = PBXGroup;
			children = (
				8ABB0ECF1E3428EC0090852A /* PopoverViewController.storyboard */,
				8ABB0ED11E342D150090852A /* PopoverPresentationController.swift */,
				8ABB0ED31E342E950090852A /* PopoverViewController.swift */,
				8ABB0ED51E3567190090852A /* PopoverAnimator.swift */,
			);
			path = Popover;
			sourceTree = "<group>";
		};
		8ABB0ED71E35B35A0090852A /* QRCode */ = {
			isa = PBXGroup;
			children = (
				8ABB0ED81E35B38D0090852A /* QRCodeViewController.storyboard */,
				8ABB0EDA1E35B4F20090852A /* QRCodeViewController.swift */,
				8ABB0EDC1E3698AC0090852A /* QRCodeCardViewController.swift */,
			);
			path = QRCode;
			sourceTree = "<group>";
		};
		8ABB0FB41E36D4750090852A /* OAuth */ = {
			isa = PBXGroup;
			children = (
				8ABB0FB51E36D4E80090852A /* OAuthViewController.swift */,
				8A29A9DE1E3713CD00845A2A /* UserAccount.swift */,
			);
			path = OAuth;
			sourceTree = "<group>";
		};
		D44087E0002148DF3FBC38B8 /* Pods */ = {
			isa = PBXGroup;
			children = (
				67BC3C482D65C8EF1C40B9A6 /* Pods-SNWeibo.debug.xcconfig */,
				91F65668169E31BB1ABCFCE8 /* Pods-SNWeibo.release.xcconfig */,
			);
			name = Pods;
			sourceTree = "<group>";
		};
/* End PBXGroup section */

/* Begin PBXNativeTarget section */
		8ABB0E771E33199D0090852A /* SNWeibo */ = {
			isa = PBXNativeTarget;
			buildConfigurationList = 8ABB0EA01E33199E0090852A /* Build configuration list for PBXNativeTarget "SNWeibo" */;
			buildPhases = (
				BFD03F533A9D3C3F51084E9A /* [CP] Check Pods Manifest.lock */,
				8ABB0E741E33199D0090852A /* Sources */,
				8ABB0E751E33199D0090852A /* Frameworks */,
				8ABB0E761E33199D0090852A /* Resources */,
				1FE1477914E3E3C681406DCB /* [CP] Embed Pods Frameworks */,
				B74C3935B9B834DB43B299C1 /* [CP] Copy Pods Resources */,
			);
			buildRules = (
			);
			dependencies = (
			);
			name = SNWeibo;
			productName = SNWeibo;
			productReference = 8ABB0E781E33199D0090852A /* SNWeibo.app */;
			productType = "com.apple.product-type.application";
		};
		8ABB0E8B1E33199D0090852A /* SNWeiboTests */ = {
			isa = PBXNativeTarget;
			buildConfigurationList = 8ABB0EA31E33199E0090852A /* Build configuration list for PBXNativeTarget "SNWeiboTests" */;
			buildPhases = (
				8ABB0E881E33199D0090852A /* Sources */,
				8ABB0E891E33199D0090852A /* Frameworks */,
				8ABB0E8A1E33199D0090852A /* Resources */,
			);
			buildRules = (
			);
			dependencies = (
				8ABB0E8E1E33199D0090852A /* PBXTargetDependency */,
			);
			name = SNWeiboTests;
			productName = SNWeiboTests;
			productReference = 8ABB0E8C1E33199D0090852A /* SNWeiboTests.xctest */;
			productType = "com.apple.product-type.bundle.unit-test";
		};
		8ABB0E961E33199D0090852A /* SNWeiboUITests */ = {
			isa = PBXNativeTarget;
			buildConfigurationList = 8ABB0EA61E33199E0090852A /* Build configuration list for PBXNativeTarget "SNWeiboUITests" */;
			buildPhases = (
				8ABB0E931E33199D0090852A /* Sources */,
				8ABB0E941E33199D0090852A /* Frameworks */,
				8ABB0E951E33199D0090852A /* Resources */,
			);
			buildRules = (
			);
			dependencies = (
				8ABB0E991E33199D0090852A /* PBXTargetDependency */,
			);
			name = SNWeiboUITests;
			productName = SNWeiboUITests;
			productReference = 8ABB0E971E33199D0090852A /* SNWeiboUITests.xctest */;
			productType = "com.apple.product-type.bundle.ui-testing";
		};
/* End PBXNativeTarget section */

/* Begin PBXProject section */
		8ABB0E701E33199D0090852A /* Project object */ = {
			isa = PBXProject;
			attributes = {
				LastSwiftUpdateCheck = 0820;
				LastUpgradeCheck = 0820;
				ORGANIZATIONNAME = "Yue Zhou";
				TargetAttributes = {
					8ABB0E771E33199D0090852A = {
						CreatedOnToolsVersion = 8.2.1;
						DevelopmentTeam = W46FRQ7PW6;
						LastSwiftMigration = 0820;
						ProvisioningStyle = Automatic;
					};
					8ABB0E8B1E33199D0090852A = {
						CreatedOnToolsVersion = 8.2.1;
						DevelopmentTeam = W46FRQ7PW6;
						LastSwiftMigration = 0820;
						ProvisioningStyle = Automatic;
						TestTargetID = 8ABB0E771E33199D0090852A;
					};
					8ABB0E961E33199D0090852A = {
						CreatedOnToolsVersion = 8.2.1;
						DevelopmentTeam = W46FRQ7PW6;
						LastSwiftMigration = 0820;
						ProvisioningStyle = Automatic;
						TestTargetID = 8ABB0E771E33199D0090852A;
					};
				};
			};
			buildConfigurationList = 8ABB0E731E33199D0090852A /* Build configuration list for PBXProject "SNWeibo" */;
			compatibilityVersion = "Xcode 3.2";
			developmentRegion = English;
			hasScannedForEncodings = 0;
			knownRegions = (
				en,
				Base,
			);
			mainGroup = 8ABB0E6F1E33199D0090852A;
			productRefGroup = 8ABB0E791E33199D0090852A /* Products */;
			projectDirPath = "";
			projectRoot = "";
			targets = (
				8ABB0E771E33199D0090852A /* SNWeibo */,
				8ABB0E8B1E33199D0090852A /* SNWeiboTests */,
				8ABB0E961E33199D0090852A /* SNWeiboUITests */,
			);
		};
/* End PBXProject section */

/* Begin PBXResourcesBuildPhase section */
		8ABB0E761E33199D0090852A /* Resources */ = {
			isa = PBXResourcesBuildPhase;
			buildActionMask = 2147483647;
			files = (
				8ABB0ED01E3428EC0090852A /* PopoverViewController.storyboard in Resources */,
				8ABB0EC01E332F150090852A /* MainVCSettings.json in Resources */,
				8A1C9EB01E3DCAB60015677F /* HomeRefreshView.xib in Resources */,
				8ABB0E831E33199D0090852A /* Assets.xcassets in Resources */,
				8ABB0ED91E35B38D0090852A /* QRCodeViewController.storyboard in Resources */,
			);
			runOnlyForDeploymentPostprocessing = 0;
		};
		8ABB0E8A1E33199D0090852A /* Resources */ = {
			isa = PBXResourcesBuildPhase;
			buildActionMask = 2147483647;
			files = (
			);
			runOnlyForDeploymentPostprocessing = 0;
		};
		8ABB0E951E33199D0090852A /* Resources */ = {
			isa = PBXResourcesBuildPhase;
			buildActionMask = 2147483647;
			files = (
			);
			runOnlyForDeploymentPostprocessing = 0;
		};
/* End PBXResourcesBuildPhase section */

/* Begin PBXShellScriptBuildPhase section */
		1FE1477914E3E3C681406DCB /* [CP] Embed Pods Frameworks */ = {
			isa = PBXShellScriptBuildPhase;
			buildActionMask = 2147483647;
			files = (
			);
			inputPaths = (
			);
			name = "[CP] Embed Pods Frameworks";
			outputPaths = (
			);
			runOnlyForDeploymentPostprocessing = 0;
			shellPath = /bin/sh;
			shellScript = "\"${SRCROOT}/Pods/Target Support Files/Pods-SNWeibo/Pods-SNWeibo-frameworks.sh\"\n";
			showEnvVarsInLog = 0;
		};
		B74C3935B9B834DB43B299C1 /* [CP] Copy Pods Resources */ = {
			isa = PBXShellScriptBuildPhase;
			buildActionMask = 2147483647;
			files = (
			);
			inputPaths = (
			);
			name = "[CP] Copy Pods Resources";
			outputPaths = (
			);
			runOnlyForDeploymentPostprocessing = 0;
			shellPath = /bin/sh;
			shellScript = "\"${SRCROOT}/Pods/Target Support Files/Pods-SNWeibo/Pods-SNWeibo-resources.sh\"\n";
			showEnvVarsInLog = 0;
		};
		BFD03F533A9D3C3F51084E9A /* [CP] Check Pods Manifest.lock */ = {
			isa = PBXShellScriptBuildPhase;
			buildActionMask = 2147483647;
			files = (
			);
			inputPaths = (
			);
			name = "[CP] Check Pods Manifest.lock";
			outputPaths = (
			);
			runOnlyForDeploymentPostprocessing = 0;
			shellPath = /bin/sh;
			shellScript = "diff \"${PODS_ROOT}/../Podfile.lock\" \"${PODS_ROOT}/Manifest.lock\" > /dev/null\nif [ $? != 0 ] ; then\n    # print error to STDERR\n    echo \"error: The sandbox is not in sync with the Podfile.lock. Run 'pod install' or update your CocoaPods installation.\" >&2\n    exit 1\nfi\n";
			showEnvVarsInLog = 0;
		};
/* End PBXShellScriptBuildPhase section */

/* Begin PBXSourcesBuildPhase section */
		8ABB0E741E33199D0090852A /* Sources */ = {
			isa = PBXSourcesBuildPhase;
			buildActionMask = 2147483647;
			files = (
				8A29A9F41E39C7FC00845A2A /* User.swift in Sources */,
				8ABB0EBC1E3320E30090852A /* ProfileTableViewController.swift in Sources */,
				8A1C9EAA1E3D778E0015677F /* StatusPictureView.swift in Sources */,
				8A29A9F21E39A85F00845A2A /* Status.swift in Sources */,
				8ABB0EB41E33206A0090852A /* HomeTableViewController.swift in Sources */,
				8ABB0EC31E3349CA0090852A /* BaseTableViewController.swift in Sources */,
				8ABB0EDB1E35B4F20090852A /* QRCodeViewController.swift in Sources */,
				8A1C9EB71E3FFECE0015677F /* UIColor+Category.swift in Sources */,
				8ABB0EB21E33204B0090852A /* MainViewController.swift in Sources */,
				8ABB0EB81E3320B60090852A /* DiscoverTableViewController.swift in Sources */,
				8ABB0EC91E3418B00090852A /* UIBarButtonItem+Category.swift in Sources */,
				8ABB0ED61E3567190090852A /* PopoverAnimator.swift in Sources */,
				8ABB0ECD1E341FAF0090852A /* UnderlinedLabel.swift in Sources */,
				8A29AA001E3B048300845A2A /* Date+Category.swift in Sources */,
				8A1C9EA81E3D736E0015677F /* StatusTableViewTopView.swift in Sources */,
				8A29A9F01E3963D100845A2A /* WelcomeViewController.swift in Sources */,
				8ABB0ED41E342E950090852A /* PopoverViewController.swift in Sources */,
				8ABB0EC71E3353B20090852A /* UIView+AutoLayout.swift in Sources */,
				8ABB0EBA1E3320D60090852A /* MessageTableViewController.swift in Sources */,
				8A29A9DD1E370A8000845A2A /* NetworkTools.swift in Sources */,
				8ABB0FB61E36D4E80090852A /* OAuthViewController.swift in Sources */,
				8A29A9EB1E384DCE00845A2A /* String+Category.swift in Sources */,
				8A29A9F81E39D04E00845A2A /* StatusTableViewCell.swift in Sources */,
				8A29A9EE1E38C90F00845A2A /* NewFeatureCollectionViewController.swift in Sources */,
				8A1C9EA61E3D72260015677F /* StatusTableViewBottomView.swift in Sources */,
				8ABB0EDD1E3698AC0090852A /* QRCodeCardViewController.swift in Sources */,
				8ABB0EC51E334BED0090852A /* VisitorView.swift in Sources */,
				8ABB0E7C1E33199D0090852A /* AppDelegate.swift in Sources */,
				8ABB0ECB1E341BC30090852A /* TitleButton.swift in Sources */,
				8A1C9EB21E3DCC9E0015677F /* HomeRefreshControl.swift in Sources */,
				8A29A9FA1E39E61200845A2A /* UILabel+Category.swift in Sources */,
				8ABB0EC11E332F150090852A /* NullViewController.swift in Sources */,
				8A29A9FC1E39E62000845A2A /* UIButton+Category.swift in Sources */,
				8A1C9EB91E4000390015677F /* PhotoBrowserCell.swift in Sources */,
				8ABB0ED21E342D150090852A /* PopoverPresentationController.swift in Sources */,
				8A1C9EAC1E3DA5B00015677F /* StatusForwardTableViewCell.swift in Sources */,
				8A29A9DF1E3713CD00845A2A /* UserAccount.swift in Sources */,
				8A1C9EB51E3FE5200015677F /* PhotoBrowserController.swift in Sources */,
				8A1C9EAE1E3DB6730015677F /* StatusNormalTableViewCell.swift in Sources */,
			);
			runOnlyForDeploymentPostprocessing = 0;
		};
		8ABB0E881E33199D0090852A /* Sources */ = {
			isa = PBXSourcesBuildPhase;
			buildActionMask = 2147483647;
			files = (
				8ABB0E911E33199D0090852A /* SNWeiboTests.swift in Sources */,
			);
			runOnlyForDeploymentPostprocessing = 0;
		};
		8ABB0E931E33199D0090852A /* Sources */ = {
			isa = PBXSourcesBuildPhase;
			buildActionMask = 2147483647;
			files = (
				8ABB0E9C1E33199E0090852A /* SNWeiboUITests.swift in Sources */,
			);
			runOnlyForDeploymentPostprocessing = 0;
		};
/* End PBXSourcesBuildPhase section */

/* Begin PBXTargetDependency section */
		8ABB0E8E1E33199D0090852A /* PBXTargetDependency */ = {
			isa = PBXTargetDependency;
			target = 8ABB0E771E33199D0090852A /* SNWeibo */;
			targetProxy = 8ABB0E8D1E33199D0090852A /* PBXContainerItemProxy */;
		};
		8ABB0E991E33199D0090852A /* PBXTargetDependency */ = {
			isa = PBXTargetDependency;
			target = 8ABB0E771E33199D0090852A /* SNWeibo */;
			targetProxy = 8ABB0E981E33199D0090852A /* PBXContainerItemProxy */;
		};
/* End PBXTargetDependency section */

/* Begin XCBuildConfiguration section */
		8ABB0E9E1E33199E0090852A /* Debug */ = {
			isa = XCBuildConfiguration;
			buildSettings = {
				ALWAYS_SEARCH_USER_PATHS = NO;
				CLANG_ANALYZER_NONNULL = YES;
				CLANG_CXX_LANGUAGE_STANDARD = "gnu++0x";
				CLANG_CXX_LIBRARY = "libc++";
				CLANG_ENABLE_MODULES = YES;
				CLANG_ENABLE_OBJC_ARC = YES;
				CLANG_WARN_BOOL_CONVERSION = YES;
				CLANG_WARN_CONSTANT_CONVERSION = YES;
				CLANG_WARN_DIRECT_OBJC_ISA_USAGE = YES_ERROR;
				CLANG_WARN_DOCUMENTATION_COMMENTS = YES;
				CLANG_WARN_EMPTY_BODY = YES;
				CLANG_WARN_ENUM_CONVERSION = YES;
				CLANG_WARN_INFINITE_RECURSION = YES;
				CLANG_WARN_INT_CONVERSION = YES;
				CLANG_WARN_OBJC_ROOT_CLASS = YES_ERROR;
				CLANG_WARN_SUSPICIOUS_MOVE = YES;
				CLANG_WARN_UNREACHABLE_CODE = YES;
				CLANG_WARN__DUPLICATE_METHOD_MATCH = YES;
				"CODE_SIGN_IDENTITY[sdk=iphoneos*]" = "iPhone Developer";
				COPY_PHASE_STRIP = NO;
				DEBUG_INFORMATION_FORMAT = dwarf;
				ENABLE_STRICT_OBJC_MSGSEND = YES;
				ENABLE_TESTABILITY = YES;
				GCC_C_LANGUAGE_STANDARD = gnu99;
				GCC_DYNAMIC_NO_PIC = NO;
				GCC_NO_COMMON_BLOCKS = YES;
				GCC_OPTIMIZATION_LEVEL = 0;
				GCC_PREPROCESSOR_DEFINITIONS = (
					"DEBUG=1",
					"$(inherited)",
				);
				GCC_WARN_64_TO_32_BIT_CONVERSION = YES;
				GCC_WARN_ABOUT_RETURN_TYPE = YES_ERROR;
				GCC_WARN_UNDECLARED_SELECTOR = YES;
				GCC_WARN_UNINITIALIZED_AUTOS = YES_AGGRESSIVE;
				GCC_WARN_UNUSED_FUNCTION = YES;
				GCC_WARN_UNUSED_VARIABLE = YES;
				IPHONEOS_DEPLOYMENT_TARGET = 10.2;
				MTL_ENABLE_DEBUG_INFO = YES;
				ONLY_ACTIVE_ARCH = YES;
				SDKROOT = iphoneos;
				SWIFT_ACTIVE_COMPILATION_CONDITIONS = DEBUG;
				SWIFT_OPTIMIZATION_LEVEL = "-Onone";
				TARGETED_DEVICE_FAMILY = "1,2";
			};
			name = Debug;
		};
		8ABB0E9F1E33199E0090852A /* Release */ = {
			isa = XCBuildConfiguration;
			buildSettings = {
				ALWAYS_SEARCH_USER_PATHS = NO;
				CLANG_ANALYZER_NONNULL = YES;
				CLANG_CXX_LANGUAGE_STANDARD = "gnu++0x";
				CLANG_CXX_LIBRARY = "libc++";
				CLANG_ENABLE_MODULES = YES;
				CLANG_ENABLE_OBJC_ARC = YES;
				CLANG_WARN_BOOL_CONVERSION = YES;
				CLANG_WARN_CONSTANT_CONVERSION = YES;
				CLANG_WARN_DIRECT_OBJC_ISA_USAGE = YES_ERROR;
				CLANG_WARN_DOCUMENTATION_COMMENTS = YES;
				CLANG_WARN_EMPTY_BODY = YES;
				CLANG_WARN_ENUM_CONVERSION = YES;
				CLANG_WARN_INFINITE_RECURSION = YES;
				CLANG_WARN_INT_CONVERSION = YES;
				CLANG_WARN_OBJC_ROOT_CLASS = YES_ERROR;
				CLANG_WARN_SUSPICIOUS_MOVE = YES;
				CLANG_WARN_UNREACHABLE_CODE = YES;
				CLANG_WARN__DUPLICATE_METHOD_MATCH = YES;
				"CODE_SIGN_IDENTITY[sdk=iphoneos*]" = "iPhone Developer";
				COPY_PHASE_STRIP = NO;
				DEBUG_INFORMATION_FORMAT = "dwarf-with-dsym";
				ENABLE_NS_ASSERTIONS = NO;
				ENABLE_STRICT_OBJC_MSGSEND = YES;
				GCC_C_LANGUAGE_STANDARD = gnu99;
				GCC_NO_COMMON_BLOCKS = YES;
				GCC_WARN_64_TO_32_BIT_CONVERSION = YES;
				GCC_WARN_ABOUT_RETURN_TYPE = YES_ERROR;
				GCC_WARN_UNDECLARED_SELECTOR = YES;
				GCC_WARN_UNINITIALIZED_AUTOS = YES_AGGRESSIVE;
				GCC_WARN_UNUSED_FUNCTION = YES;
				GCC_WARN_UNUSED_VARIABLE = YES;
				IPHONEOS_DEPLOYMENT_TARGET = 10.2;
				MTL_ENABLE_DEBUG_INFO = NO;
				SDKROOT = iphoneos;
				SWIFT_OPTIMIZATION_LEVEL = "-Owholemodule";
				TARGETED_DEVICE_FAMILY = "1,2";
				VALIDATE_PRODUCT = YES;
			};
			name = Release;
		};
		8ABB0EA11E33199E0090852A /* Debug */ = {
			isa = XCBuildConfiguration;
			baseConfigurationReference = 67BC3C482D65C8EF1C40B9A6 /* Pods-SNWeibo.debug.xcconfig */;
			buildSettings = {
				ASSETCATALOG_COMPILER_APPICON_NAME = AppIcon;
				ASSETCATALOG_COMPILER_LAUNCHIMAGE_NAME = "LaunchImage-1";
				DEVELOPMENT_TEAM = W46FRQ7PW6;
				INFOPLIST_FILE = SNWeibo/Info.plist;
				IPHONEOS_DEPLOYMENT_TARGET = 8.0;
				LD_RUNPATH_SEARCH_PATHS = "$(inherited) @executable_path/Frameworks";
				PRODUCT_BUNDLE_IDENTIFIER = YZ.SNWeibo;
				PRODUCT_NAME = "$(TARGET_NAME)";
				SWIFT_OBJC_BRIDGING_HEADER = "SNWeibo/Weibo-Bridge.h";
				SWIFT_VERSION = 3.0;
			};
			name = Debug;
		};
		8ABB0EA21E33199E0090852A /* Release */ = {
			isa = XCBuildConfiguration;
			baseConfigurationReference = 91F65668169E31BB1ABCFCE8 /* Pods-SNWeibo.release.xcconfig */;
			buildSettings = {
				ASSETCATALOG_COMPILER_APPICON_NAME = AppIcon;
				ASSETCATALOG_COMPILER_LAUNCHIMAGE_NAME = "LaunchImage-1";
				DEVELOPMENT_TEAM = W46FRQ7PW6;
				INFOPLIST_FILE = SNWeibo/Info.plist;
				IPHONEOS_DEPLOYMENT_TARGET = 8.0;
				LD_RUNPATH_SEARCH_PATHS = "$(inherited) @executable_path/Frameworks";
				PRODUCT_BUNDLE_IDENTIFIER = YZ.SNWeibo;
				PRODUCT_NAME = "$(TARGET_NAME)";
				SWIFT_OBJC_BRIDGING_HEADER = "SNWeibo/Weibo-Bridge.h";
				SWIFT_VERSION = 3.0;
			};
			name = Release;
		};
		8ABB0EA41E33199E0090852A /* Debug */ = {
			isa = XCBuildConfiguration;
			buildSettings = {
				ALWAYS_EMBED_SWIFT_STANDARD_LIBRARIES = YES;
				BUNDLE_LOADER = "$(TEST_HOST)";
				DEVELOPMENT_TEAM = W46FRQ7PW6;
				INFOPLIST_FILE = SNWeiboTests/Info.plist;
				LD_RUNPATH_SEARCH_PATHS = "$(inherited) @executable_path/Frameworks @loader_path/Frameworks";
				PRODUCT_BUNDLE_IDENTIFIER = YZ.SNWeiboTests;
				PRODUCT_NAME = "$(TARGET_NAME)";
				SWIFT_VERSION = 3.0;
				TEST_HOST = "$(BUILT_PRODUCTS_DIR)/SNWeibo.app/SNWeibo";
			};
			name = Debug;
		};
		8ABB0EA51E33199E0090852A /* Release */ = {
			isa = XCBuildConfiguration;
			buildSettings = {
				ALWAYS_EMBED_SWIFT_STANDARD_LIBRARIES = YES;
				BUNDLE_LOADER = "$(TEST_HOST)";
				DEVELOPMENT_TEAM = W46FRQ7PW6;
				INFOPLIST_FILE = SNWeiboTests/Info.plist;
				LD_RUNPATH_SEARCH_PATHS = "$(inherited) @executable_path/Frameworks @loader_path/Frameworks";
				PRODUCT_BUNDLE_IDENTIFIER = YZ.SNWeiboTests;
				PRODUCT_NAME = "$(TARGET_NAME)";
				SWIFT_VERSION = 3.0;
				TEST_HOST = "$(BUILT_PRODUCTS_DIR)/SNWeibo.app/SNWeibo";
			};
			name = Release;
		};
		8ABB0EA71E33199E0090852A /* Debug */ = {
			isa = XCBuildConfiguration;
			buildSettings = {
				ALWAYS_EMBED_SWIFT_STANDARD_LIBRARIES = YES;
				DEVELOPMENT_TEAM = W46FRQ7PW6;
				INFOPLIST_FILE = SNWeiboUITests/Info.plist;
				LD_RUNPATH_SEARCH_PATHS = "$(inherited) @executable_path/Frameworks @loader_path/Frameworks";
				PRODUCT_BUNDLE_IDENTIFIER = YZ.SNWeiboUITests;
				PRODUCT_NAME = "$(TARGET_NAME)";
				SWIFT_VERSION = 3.0;
				TEST_TARGET_NAME = SNWeibo;
			};
			name = Debug;
		};
		8ABB0EA81E33199E0090852A /* Release */ = {
			isa = XCBuildConfiguration;
			buildSettings = {
				ALWAYS_EMBED_SWIFT_STANDARD_LIBRARIES = YES;
				DEVELOPMENT_TEAM = W46FRQ7PW6;
				INFOPLIST_FILE = SNWeiboUITests/Info.plist;
				LD_RUNPATH_SEARCH_PATHS = "$(inherited) @executable_path/Frameworks @loader_path/Frameworks";
				PRODUCT_BUNDLE_IDENTIFIER = YZ.SNWeiboUITests;
				PRODUCT_NAME = "$(TARGET_NAME)";
				SWIFT_VERSION = 3.0;
				TEST_TARGET_NAME = SNWeibo;
			};
			name = Release;
		};
/* End XCBuildConfiguration section */

/* Begin XCConfigurationList section */
		8ABB0E731E33199D0090852A /* Build configuration list for PBXProject "SNWeibo" */ = {
			isa = XCConfigurationList;
			buildConfigurations = (
				8ABB0E9E1E33199E0090852A /* Debug */,
				8ABB0E9F1E33199E0090852A /* Release */,
			);
			defaultConfigurationIsVisible = 0;
			defaultConfigurationName = Release;
		};
		8ABB0EA01E33199E0090852A /* Build configuration list for PBXNativeTarget "SNWeibo" */ = {
			isa = XCConfigurationList;
			buildConfigurations = (
				8ABB0EA11E33199E0090852A /* Debug */,
				8ABB0EA21E33199E0090852A /* Release */,
			);
			defaultConfigurationIsVisible = 0;
			defaultConfigurationName = Release;
		};
		8ABB0EA31E33199E0090852A /* Build configuration list for PBXNativeTarget "SNWeiboTests" */ = {
			isa = XCConfigurationList;
			buildConfigurations = (
				8ABB0EA41E33199E0090852A /* Debug */,
				8ABB0EA51E33199E0090852A /* Release */,
			);
			defaultConfigurationIsVisible = 0;
			defaultConfigurationName = Release;
		};
		8ABB0EA61E33199E0090852A /* Build configuration list for PBXNativeTarget "SNWeiboUITests" */ = {
			isa = XCConfigurationList;
			buildConfigurations = (
				8ABB0EA71E33199E0090852A /* Debug */,
				8ABB0EA81E33199E0090852A /* Release */,
			);
			defaultConfigurationIsVisible = 0;
			defaultConfigurationName = Release;
		};
/* End XCConfigurationList section */
	};
	rootObject = 8ABB0E701E33199D0090852A /* Project object */;
}
